
Microsoft Visual Studio Solution File, Format Version 12.00
# Visual Studio 15
VisualStudioVersion = 15.0.27130.2036
MinimumVisualStudioVersion = 10.0.40219.1
Project("{FAE04EC0-301F-11D3-BF4B-00C04F79EFBC}") = "TrainTicketBooking", "TrainTicketBooking\TrainTicketBooking.csproj", "{A06A36B8-3669-4D6B-8FDE-7B3301DEA1FD}"
EndProject
Global
	GlobalSection(SolutionConfigurationPlatforms) = preSolution
		Debug|Any CPU = Debug|Any CPU
		Release|Any CPU = Release|Any CPU
	EndGlobalSection
	GlobalSection(ProjectConfigurationPlatforms) = postSolution
		{A06A36B8-3669-4D6B-8FDE-7B3301DEA1FD}.Debug|Any CPU.ActiveCfg = Debug|Any CPU
		{A06A36B8-3669-4D6B-8FDE-7B3301DEA1FD}.Debug|Any CPU.Build.0 = Debug|Any CPU
		{A06A36B8-3669-4D6B-8FDE-7B3301DEA1FD}.Release|Any CPU.ActiveCfg = Release|Any CPU
		{A06A36B8-3669-4D6B-8FDE-7B3301DEA1FD}.Release|Any CPU.Build.0 = Release|Any CPU
	EndGlobalSection
	GlobalSection(SolutionProperties) = preSolution
		HideSolutionNode = FALSE
	EndGlobalSection
	GlobalSection(ExtensibilityGlobals) = postSolution
		SolutionGuid = {93CD5397-772D-4AD3-8FD5-C8E703BC11FF}
	EndGlobalSection
EndGlobal
